
Microsoft Visual Studio Solution File, Format Version 12.00
# Visual Studio Version 16
VisualStudioVersion = 16.0.28922.388
MinimumVisualStudioVersion = 10.0.40219.1
Project("{FAE04EC0-301F-11D3-BF4B-00C04F79EFBC}") = "AttachedCommandBehavior", "AttachedCommandBehavior\AttachedCommandBehavior.csproj", "{BA852758-6682-4878-906A-917A1E75DE16}"
EndProject
Project("{FAE04EC0-301F-11D3-BF4B-00C04F79EFBC}") = "AttachedCommandBehaviorDemo", "AttachedCommandBehaviorDemo\AttachedCommandBehaviorDemo.csproj", "{6E07A460-651E-48AC-97EE-38637C16A1EE}"
EndProject
Global
	GlobalSection(SolutionConfigurationPlatforms) = preSolution
		Debug|Any CPU = Debug|Any CPU
		Release|Any CPU = Release|Any CPU
	EndGlobalSection
	GlobalSection(ProjectConfigurationPlatforms) = postSolution
		{BA852758-6682-4878-906A-917A1E75DE16}.Debug|Any CPU.ActiveCfg = Debug|Any CPU
		{BA852758-6682-4878-906A-917A1E75DE16}.Debug|Any CPU.Build.0 = Debug|Any CPU
		{BA852758-6682-4878-906A-917A1E75DE16}.Release|Any CPU.ActiveCfg = Release|Any CPU
		{BA852758-6682-4878-906A-917A1E75DE16}.Release|Any CPU.Build.0 = Release|Any CPU
		{6E07A460-651E-48AC-97EE-38637C16A1EE}.Debug|Any CPU.ActiveCfg = Debug|Any CPU
		{6E07A460-651E-48AC-97EE-38637C16A1EE}.Debug|Any CPU.Build.0 = Debug|Any CPU
		{6E07A460-651E-48AC-97EE-38637C16A1EE}.Release|Any CPU.ActiveCfg = Release|Any CPU
		{6E07A460-651E-48AC-97EE-38637C16A1EE}.Release|Any CPU.Build.0 = Release|Any CPU
	EndGlobalSection
	GlobalSection(SolutionProperties) = preSolution
		HideSolutionNode = FALSE
	EndGlobalSection
	GlobalSection(ExtensibilityGlobals) = postSolution
		SolutionGuid = {C7923CB3-F959-4E04-90F7-A8CD9B837C2A}
	EndGlobalSection
EndGlobal
